
Microsoft Visual Studio Solution File, Format Version 12.00
# Visual Studio Version 17
VisualStudioVersion = 17.3.32929.385
MinimumVisualStudioVersion = 10.0.40219.1
Project("{9A19103F-16F7-4668-BE54-9A1E7A4F7556}") = "PaySpaceApplication", "PaySpaceApplication\PaySpaceApplication.csproj", "{787B4A8F-0826-4FB7-9303-D769648FF5C1}"
EndProject
Project("{2150E333-8FDC-42A3-9474-1A3956D46DE8}") = "src", "src", "{64970179-077B-4F5A-9313-C9C053039662}"
EndProject
Project("{2150E333-8FDC-42A3-9474-1A3956D46DE8}") = "tests", "tests", "{50A84A4F-E611-4BA8-9D2B-51CBE9D08AC0}"
EndProject
Project("{2150E333-8FDC-42A3-9474-1A3956D46DE8}") = "WebUI", "WebUI", "{FBB22AEA-6109-4E05-A531-ABF29D596E93}"
EndProject
Project("{2150E333-8FDC-42A3-9474-1A3956D46DE8}") = "PaySpaceBLL", "PaySpaceBLL", "{3E773F9F-77D4-448F-9F8B-F8BB19213210}"
EndProject
Project("{2150E333-8FDC-42A3-9474-1A3956D46DE8}") = "PaySpaceDAL", "PaySpaceDAL", "{9F8BCEB2-EC7D-4FAF-AB62-0E00CFDD2132}"
EndProject
Project("{9A19103F-16F7-4668-BE54-9A1E7A4F7556}") = "PaySpaceDAL", "PaySpaceDAL\PaySpaceDAL.csproj", "{DBA05AF9-B5A2-4D70-A2AC-C2FE5F12395C}"
EndProject
Project("{9A19103F-16F7-4668-BE54-9A1E7A4F7556}") = "PaySpaceBLL", "PaySpaceBLL\PaySpaceBLL.csproj", "{C07E9D6A-AEB3-451A-AAC0-18AA847930A8}"
EndProject
Project("{2150E333-8FDC-42A3-9474-1A3956D46DE8}") = "DomainHelper", "DomainHelper", "{F18ACB22-D866-46DB-A262-89A32E6D09E7}"
EndProject
Project("{9A19103F-16F7-4668-BE54-9A1E7A4F7556}") = "HelperLibrary", "HelperLibrary\HelperLibrary.csproj", "{556146B9-A4C3-4FEC-AAC7-B218AF9A5F11}"
EndProject
Project("{9A19103F-16F7-4668-BE54-9A1E7A4F7556}") = "PaySpaceBLL.Tests", "PaySpaceBLL.Tests\PaySpaceBLL.Tests.csproj", "{0908B7D7-0D3C-4721-803D-268AC9AEA7A6}"
EndProject
Project("{2150E333-8FDC-42A3-9474-1A3956D46DE8}") = "IntegrationTests", "IntegrationTests", "{C6A832FE-3B6B-4540-9E15-D08C4DBD9EB7}"
EndProject
Global
	GlobalSection(SolutionConfigurationPlatforms) = preSolution
		Debug|Any CPU = Debug|Any CPU
		Release|Any CPU = Release|Any CPU
	EndGlobalSection
	GlobalSection(ProjectConfigurationPlatforms) = postSolution
		{787B4A8F-0826-4FB7-9303-D769648FF5C1}.Debug|Any CPU.ActiveCfg = Debug|Any CPU
		{787B4A8F-0826-4FB7-9303-D769648FF5C1}.Debug|Any CPU.Build.0 = Debug|Any CPU
		{787B4A8F-0826-4FB7-9303-D769648FF5C1}.Release|Any CPU.ActiveCfg = Release|Any CPU
		{787B4A8F-0826-4FB7-9303-D769648FF5C1}.Release|Any CPU.Build.0 = Release|Any CPU
		{DBA05AF9-B5A2-4D70-A2AC-C2FE5F12395C}.Debug|Any CPU.ActiveCfg = Debug|Any CPU
		{DBA05AF9-B5A2-4D70-A2AC-C2FE5F12395C}.Debug|Any CPU.Build.0 = Debug|Any CPU
		{DBA05AF9-B5A2-4D70-A2AC-C2FE5F12395C}.Release|Any CPU.ActiveCfg = Release|Any CPU
		{DBA05AF9-B5A2-4D70-A2AC-C2FE5F12395C}.Release|Any CPU.Build.0 = Release|Any CPU
		{C07E9D6A-AEB3-451A-AAC0-18AA847930A8}.Debug|Any CPU.ActiveCfg = Debug|Any CPU
		{C07E9D6A-AEB3-451A-AAC0-18AA847930A8}.Debug|Any CPU.Build.0 = Debug|Any CPU
		{C07E9D6A-AEB3-451A-AAC0-18AA847930A8}.Release|Any CPU.ActiveCfg = Release|Any CPU
		{C07E9D6A-AEB3-451A-AAC0-18AA847930A8}.Release|Any CPU.Build.0 = Release|Any CPU
		{556146B9-A4C3-4FEC-AAC7-B218AF9A5F11}.Debug|Any CPU.ActiveCfg = Debug|Any CPU
		{556146B9-A4C3-4FEC-AAC7-B218AF9A5F11}.Debug|Any CPU.Build.0 = Debug|Any CPU
		{556146B9-A4C3-4FEC-AAC7-B218AF9A5F11}.Release|Any CPU.ActiveCfg = Release|Any CPU
		{556146B9-A4C3-4FEC-AAC7-B218AF9A5F11}.Release|Any CPU.Build.0 = Release|Any CPU
		{0908B7D7-0D3C-4721-803D-268AC9AEA7A6}.Debug|Any CPU.ActiveCfg = Debug|Any CPU
		{0908B7D7-0D3C-4721-803D-268AC9AEA7A6}.Debug|Any CPU.Build.0 = Debug|Any CPU
		{0908B7D7-0D3C-4721-803D-268AC9AEA7A6}.Release|Any CPU.ActiveCfg = Release|Any CPU
		{0908B7D7-0D3C-4721-803D-268AC9AEA7A6}.Release|Any CPU.Build.0 = Release|Any CPU
	EndGlobalSection
	GlobalSection(SolutionProperties) = preSolution
		HideSolutionNode = FALSE
	EndGlobalSection
	GlobalSection(NestedProjects) = preSolution
		{787B4A8F-0826-4FB7-9303-D769648FF5C1} = {FBB22AEA-6109-4E05-A531-ABF29D596E93}
		{FBB22AEA-6109-4E05-A531-ABF29D596E93} = {64970179-077B-4F5A-9313-C9C053039662}
		{3E773F9F-77D4-448F-9F8B-F8BB19213210} = {64970179-077B-4F5A-9313-C9C053039662}
		{9F8BCEB2-EC7D-4FAF-AB62-0E00CFDD2132} = {64970179-077B-4F5A-9313-C9C053039662}
		{DBA05AF9-B5A2-4D70-A2AC-C2FE5F12395C} = {9F8BCEB2-EC7D-4FAF-AB62-0E00CFDD2132}
		{C07E9D6A-AEB3-451A-AAC0-18AA847930A8} = {3E773F9F-77D4-448F-9F8B-F8BB19213210}
		{F18ACB22-D866-46DB-A262-89A32E6D09E7} = {64970179-077B-4F5A-9313-C9C053039662}
		{556146B9-A4C3-4FEC-AAC7-B218AF9A5F11} = {F18ACB22-D866-46DB-A262-89A32E6D09E7}
		{0908B7D7-0D3C-4721-803D-268AC9AEA7A6} = {C6A832FE-3B6B-4540-9E15-D08C4DBD9EB7}
		{C6A832FE-3B6B-4540-9E15-D08C4DBD9EB7} = {50A84A4F-E611-4BA8-9D2B-51CBE9D08AC0}
	EndGlobalSection
	GlobalSection(ExtensibilityGlobals) = postSolution
		SolutionGuid = {6A0FA7D5-877E-4722-9E22-7A1B82A46EF5}
	EndGlobalSection
EndGlobal
